Microsoft Visual Studio Solution File, Format Version 12.00
# Visual Studio Version 17
VisualStudioVersion = 17.5.002.0
MinimumVisualStudioVersion = 10.0.40219.1
Project("{9A19103F-16F7-4668-BE54-9A1E7A4F7556}") = "GameCursos", "GameCursos.csproj", "{81A8F181-1E59-4D64-8D51-218B12EDD6E1}"
EndProject
Global
	GlobalSection(SolutionConfigurationPlatforms) = preSolution
		Debug|Any CPU = Debug|Any CPU
		Release|Any CPU = Release|Any CPU
	EndGlobalSection
	GlobalSection(ProjectConfigurationPlatforms) = postSolution
		{81A8F181-1E59-4D64-8D51-218B12EDD6E1}.Debug|Any CPU.ActiveCfg = Debug|Any CPU
		{81A8F181-1E59-4D64-8D51-218B12EDD6E1}.Debug|Any CPU.Build.0 = Debug|Any CPU
		{81A8F181-1E59-4D64-8D51-218B12EDD6E1}.Release|Any CPU.ActiveCfg = Release|Any CPU
		{81A8F181-1E59-4D64-8D51-218B12EDD6E1}.Release|Any CPU.Build.0 = Release|Any CPU
	EndGlobalSection
	GlobalSection(SolutionProperties) = preSolution
		HideSolutionNode = FALSE
	EndGlobalSection
	GlobalSection(ExtensibilityGlobals) = postSolution
		SolutionGuid = {B6CD3119-84E9-434F-ACC4-E162F20C081F}
	EndGlobalSection
EndGlobal